
Microsoft Visual Studio Solution File, Format Version 12.00
# Visual Studio Version 17
VisualStudioVersion = 17.7.34009.444
MinimumVisualStudioVersion = 10.0.40219.1
Project("{9A19103F-16F7-4668-BE54-9A1E7A4F7556}") = "WDA.ApiDodNet.Api", "WDA.ApiDodNet.Api\WDA.ApiDodNet.Api.csproj", "{31086CE2-0E12-4700-BE2C-514792E96567}"
EndProject
Project("{9A19103F-16F7-4668-BE54-9A1E7A4F7556}") = "WDA.ApiDotNet.Business", "WDA.ApiDotNet.Application\WDA.ApiDotNet.Business.csproj", "{B6936288-AAEE-495D-AF73-42BD613ADF73}"
EndProject
Project("{9A19103F-16F7-4668-BE54-9A1E7A4F7556}") = "WDA.ApiDodNet.Data", "WDA.ApiDodNet.Data\WDA.ApiDodNet.Data.csproj", "{CEADCD85-94F9-4A67-B359-C34CA73ABBE2}"
EndProject
Project("{2150E333-8FDC-42A3-9474-1A3956D46DE8}") = "Solution Items", "Solution Items", "{04360644-EFEF-4C6A-A586-C1A02A9B1985}"
	ProjectSection(SolutionItems) = preProject
		.editorconfig = .editorconfig
	EndProjectSection
EndProject
Global
	GlobalSection(SolutionConfigurationPlatforms) = preSolution
		Debug|Any CPU = Debug|Any CPU
		Release|Any CPU = Release|Any CPU
	EndGlobalSection
	GlobalSection(ProjectConfigurationPlatforms) = postSolution
		{31086CE2-0E12-4700-BE2C-514792E96567}.Debug|Any CPU.ActiveCfg = Debug|Any CPU
		{31086CE2-0E12-4700-BE2C-514792E96567}.Debug|Any CPU.Build.0 = Debug|Any CPU
		{31086CE2-0E12-4700-BE2C-514792E96567}.Release|Any CPU.ActiveCfg = Release|Any CPU
		{31086CE2-0E12-4700-BE2C-514792E96567}.Release|Any CPU.Build.0 = Release|Any CPU
		{B6936288-AAEE-495D-AF73-42BD613ADF73}.Debug|Any CPU.ActiveCfg = Debug|Any CPU
		{B6936288-AAEE-495D-AF73-42BD613ADF73}.Debug|Any CPU.Build.0 = Debug|Any CPU
		{B6936288-AAEE-495D-AF73-42BD613ADF73}.Release|Any CPU.ActiveCfg = Release|Any CPU
		{B6936288-AAEE-495D-AF73-42BD613ADF73}.Release|Any CPU.Build.0 = Release|Any CPU
		{CEADCD85-94F9-4A67-B359-C34CA73ABBE2}.Debug|Any CPU.ActiveCfg = Debug|Any CPU
		{CEADCD85-94F9-4A67-B359-C34CA73ABBE2}.Debug|Any CPU.Build.0 = Debug|Any CPU
		{CEADCD85-94F9-4A67-B359-C34CA73ABBE2}.Release|Any CPU.ActiveCfg = Release|Any CPU
		{CEADCD85-94F9-4A67-B359-C34CA73ABBE2}.Release|Any CPU.Build.0 = Release|Any CPU
	EndGlobalSection
	GlobalSection(SolutionProperties) = preSolution
		HideSolutionNode = FALSE
	EndGlobalSection
	GlobalSection(ExtensibilityGlobals) = postSolution
		SolutionGuid = {6705E3D4-2C62-4BB7-9DBE-B16C0D990687}
	EndGlobalSection
EndGlobal
